{
  "name": "NMMTools1",
  "lockfileVersion": 3,
  "requires": true,
  "packages": {
    "": {
      "dependencies": {
        "claude-code-plugins": "^1.0.3"
      }
    },
    "node_modules/claude-code-plugins": {
      "version": "1.0.3",
      "resolved": "https://registry.npmjs.org/claude-code-plugins/-/claude-code-plugins-1.0.3.tgz",
      "integrity": "sha512-Ib43vVNxQj1RqzxVPJYm3zceRAxkFTun9pYNwbCEWe4QkhXI/wTWrBAvBtUfLjfx+4H09FfAW1UcbgHqn3TZzQ==",
      "license": "MIT"
    }
  }
}
